// !$*UTF8*$!
{
	archiveVersion = 1;
	classes = {
	};
	objectVersion = 50;
	objects = {

/* Begin PBXBuildFile section */
		AB2B0F2D26EB7F6400FEEC42 /* DiaryTableViewCell.swift in Sources */ = {isa = PBXBuildFile; fileRef = AB2B0F2C26EB7F6400FEEC42 /* DiaryTableViewCell.swift */; };
		AB4F767227677A1A00EF54E0 /* DiaryItem+CoreDataClass.swift in Sources */ = {isa = PBXBuildFile; fileRef = AB4F767027677A1A00EF54E0 /* DiaryItem+CoreDataClass.swift */; };
		AB4F767327677A1A00EF54E0 /* DiaryItem+CoreDataProperties.swift in Sources */ = {isa = PBXBuildFile; fileRef = AB4F767127677A1A00EF54E0 /* DiaryItem+CoreDataProperties.swift */; };
		AB78599426FC8310005F2C39 /* UIColorHex.swift in Sources */ = {isa = PBXBuildFile; fileRef = AB78599326FC8310005F2C39 /* UIColorHex.swift */; };
		AB78599626FC832A005F2C39 /* NavigationViewController.swift in Sources */ = {isa = PBXBuildFile; fileRef = AB78599526FC832A005F2C39 /* NavigationViewController.swift */; };
		AB8AFFDE26D738FD003A4B3A /* AppDelegate.swift in Sources */ = {isa = PBXBuildFile; fileRef = AB8AFFDD26D738FD003A4B3A /* AppDelegate.swift */; };
		AB8AFFE026D738FD003A4B3A /* SceneDelegate.swift in Sources */ = {isa = PBXBuildFile; fileRef = AB8AFFDF26D738FD003A4B3A /* SceneDelegate.swift */; };
		AB8AFFE226D738FD003A4B3A /* ViewController.swift in Sources */ = {isa = PBXBuildFile; fileRef = AB8AFFE126D738FD003A4B3A /* ViewController.swift */; };
		AB8AFFE526D738FD003A4B3A /* Main.storyboard in Resources */ = {isa = PBXBuildFile; fileRef = AB8AFFE326D738FD003A4B3A /* Main.storyboard */; };
		AB8AFFE726D738FE003A4B3A /* Assets.xcassets in Resources */ = {isa = PBXBuildFile; fileRef = AB8AFFE626D738FE003A4B3A /* Assets.xcassets */; };
		AB8AFFEA26D738FE003A4B3A /* LaunchScreen.storyboard in Resources */ = {isa = PBXBuildFile; fileRef = AB8AFFE826D738FE003A4B3A /* LaunchScreen.storyboard */; };
		AB8AFFF426D754FA003A4B3A /* ContainerViewController.swift in Sources */ = {isa = PBXBuildFile; fileRef = AB8AFFF326D754FA003A4B3A /* ContainerViewController.swift */; };
		AB8AFFF626D75BA5003A4B3A /* AddViewController.swift in Sources */ = {isa = PBXBuildFile; fileRef = AB8AFFF526D75BA5003A4B3A /* AddViewController.swift */; };
		ABCE8F902701808C0022C3F9 /* EditViewController.swift in Sources */ = {isa = PBXBuildFile; fileRef = ABCE8F8F2701808C0022C3F9 /* EditViewController.swift */; };
		ABE907EF2766F21100508CFC /* CoreData.xcdatamodeld in Sources */ = {isa = PBXBuildFile; fileRef = ABE907ED2766F21100508CFC /* CoreData.xcdatamodeld */; };
/* End PBXBuildFile section */

/* Begin PBXFileReference section */
		AB2B0F2C26EB7F6400FEEC42 /* DiaryTableViewCell.swift */ = {isa = PBXFileReference; lastKnownFileType = sourcecode.swift; path = DiaryTableViewCell.swift; sourceTree = "<group>"; };
		AB4F767027677A1A00EF54E0 /* DiaryItem+CoreDataClass.swift */ = {isa = PBXFileReference; lastKnownFileType = sourcecode.swift; path = "DiaryItem+CoreDataClass.swift"; sourceTree = "<group>"; };
		AB4F767127677A1A00EF54E0 /* DiaryItem+CoreDataProperties.swift */ = {isa = PBXFileReference; lastKnownFileType = sourcecode.swift; path = "DiaryItem+CoreDataProperties.swift"; sourceTree = "<group>"; };
		AB78599326FC8310005F2C39 /* UIColorHex.swift */ = {isa = PBXFileReference; lastKnownFileType = sourcecode.swift; path = UIColorHex.swift; sourceTree = "<group>"; };
		AB78599526FC832A005F2C39 /* NavigationViewController.swift */ = {isa = PBXFileReference; lastKnownFileType = sourcecode.swift; path = NavigationViewController.swift; sourceTree = "<group>"; };
		AB8AFFDA26D738FD003A4B3A /* Diary.app */ = {isa = PBXFileReference; explicitFileType = wrapper.application; includeInIndex = 0; path = Diary.app; sourceTree = BUILT_PRODUCTS_DIR; };
		AB8AFFDD26D738FD003A4B3A /* AppDelegate.swift */ = {isa = PBXFileReference; lastKnownFileType = sourcecode.swift; path = AppDelegate.swift; sourceTree = "<group>"; };
		AB8AFFDF26D738FD003A4B3A /* SceneDelegate.swift */ = {isa = PBXFileReference; lastKnownFileType = sourcecode.swift; path = SceneDelegate.swift; sourceTree = "<group>"; };
		AB8AFFE126D738FD003A4B3A /* ViewController.swift */ = {isa = PBXFileReference; lastKnownFileType = sourcecode.swift; path = ViewController.swift; sourceTree = "<group>"; };
		AB8AFFE426D738FD003A4B3A /* Base */ = {isa = PBXFileReference; lastKnownFileType = file.storyboard; name = Base; path = Base.lproj/Main.storyboard; sourceTree = "<group>"; };
		AB8AFFE626D738FE003A4B3A /* Assets.xcassets */ = {isa = PBXFileReference; lastKnownFileType = folder.assetcatalog; path = Assets.xcassets; sourceTree = "<group>"; };
		AB8AFFE926D738FE003A4B3A /* Base */ = {isa = PBXFileReference; lastKnownFileType = file.storyboard; name = Base; path = Base.lproj/LaunchScreen.storyboard; sourceTree = "<group>"; };
		AB8AFFEB26D738FE003A4B3A /* Info.plist */ = {isa = PBXFileReference; lastKnownFileType = text.plist.xml; path = Info.plist; sourceTree = "<group>"; };
		AB8AFFF326D754FA003A4B3A /* ContainerViewController.swift */ = {isa = PBXFileReference; lastKnownFileType = sourcecode.swift; path = ContainerViewController.swift; sourceTree = "<group>"; };
		AB8AFFF526D75BA5003A4B3A /* AddViewController.swift */ = {isa = PBXFileReference; lastKnownFileType = sourcecode.swift; path = AddViewController.swift; sourceTree = "<group>"; };
		ABCE8F8F2701808C0022C3F9 /* EditViewController.swift */ = {isa = PBXFileReference; lastKnownFileType = sourcecode.swift; path = EditViewController.swift; sourceTree = "<group>"; };
		ABE907EE2766F21100508CFC /* CoreData.xcdatamodel */ = {isa = PBXFileReference; lastKnownFileType = wrapper.xcdatamodel; path = CoreData.xcdatamodel; sourceTree = "<group>"; };
/* End PBXFileReference section */

/* Begin PBXFrameworksBuildPhase section */
		AB8AFFD726D738FD003A4B3A /* Frameworks */ = {
			isa = PBXFrameworksBuildPhase;
			buildActionMask = 2147483647;
			files = (
			);
			runOnlyForDeploymentPostprocessing = 0;
		};
/* End PBXFrameworksBuildPhase section */

/* Begin PBXGroup section */
		AB4F767427677BDD00EF54E0 /* Model */ = {
			isa = PBXGroup;
			children = (
				AB4F767027677A1A00EF54E0 /* DiaryItem+CoreDataClass.swift */,
				AB4F767127677A1A00EF54E0 /* DiaryItem+CoreDataProperties.swift */,
			);
			path = Model;
			sourceTree = "<group>";
		};
		AB8AFFD126D738FD003A4B3A = {
			isa = PBXGroup;
			children = (
				AB8AFFDC26D738FD003A4B3A /* Diary */,
				AB8AFFDB26D738FD003A4B3A /* Products */,
			);
			sourceTree = "<group>";
		};
		AB8AFFDB26D738FD003A4B3A /* Products */ = {
			isa = PBXGroup;
			children = (
				AB8AFFDA26D738FD003A4B3A /* Diary.app */,
			);
			name = Products;
			sourceTree = "<group>";
		};
		AB8AFFDC26D738FD003A4B3A /* Diary */ = {
			isa = PBXGroup;
			children = (
				AB4F767427677BDD00EF54E0 /* Model */,
				AB8AFFE326D738FD003A4B3A /* Main.storyboard */,
				ABCE8F8F2701808C0022C3F9 /* EditViewController.swift */,
				AB8AFFE126D738FD003A4B3A /* ViewController.swift */,
				AB8AFFF526D75BA5003A4B3A /* AddViewController.swift */,
				AB8AFFF326D754FA003A4B3A /* ContainerViewController.swift */,
				AB2B0F2C26EB7F6400FEEC42 /* DiaryTableViewCell.swift */,
				AB8AFFE626D738FE003A4B3A /* Assets.xcassets */,
				AB78599526FC832A005F2C39 /* NavigationViewController.swift */,
				AB78599326FC8310005F2C39 /* UIColorHex.swift */,
				AB8AFFDF26D738FD003A4B3A /* SceneDelegate.swift */,
				AB8AFFDD26D738FD003A4B3A /* AppDelegate.swift */,
				ABE907ED2766F21100508CFC /* CoreData.xcdatamodeld */,
				AB8AFFE826D738FE003A4B3A /* LaunchScreen.storyboard */,
				AB8AFFEB26D738FE003A4B3A /* Info.plist */,
			);
			path = Diary;
			sourceTree = "<group>";
		};
/* End PBXGroup section */

/* Begin PBXNativeTarget section */
		AB8AFFD926D738FD003A4B3A /* Diary */ = {
			isa = PBXNativeTarget;
			buildConfigurationList = AB8AFFEE26D738FE003A4B3A /* Build configuration list for PBXNativeTarget "Diary" */;
			buildPhases = (
				AB8AFFD626D738FD003A4B3A /* Sources */,
				AB8AFFD726D738FD003A4B3A /* Frameworks */,
				AB8AFFD826D738FD003A4B3A /* Resources */,
			);
			buildRules = (
			);
			dependencies = (
			);
			name = Diary;
			productName = Diary;
			productReference = AB8AFFDA26D738FD003A4B3A /* Diary.app */;
			productType = "com.apple.product-type.application";
		};
/* End PBXNativeTarget section */

/* Begin PBXProject section */
		AB8AFFD226D738FD003A4B3A /* Project object */ = {
			isa = PBXProject;
			attributes = {
				LastSwiftUpdateCheck = 1250;
				LastUpgradeCheck = 1250;
				TargetAttributes = {
					AB8AFFD926D738FD003A4B3A = {
						CreatedOnToolsVersion = 12.5.1;
					};
				};
			};
			buildConfigurationList = AB8AFFD526D738FD003A4B3A /* Build configuration list for PBXProject "Diary" */;
			compatibilityVersion = "Xcode 9.3";
			developmentRegion = en;
			hasScannedForEncodings = 0;
			knownRegions = (
				en,
				Base,
			);
			mainGroup = AB8AFFD126D738FD003A4B3A;
			productRefGroup = AB8AFFDB26D738FD003A4B3A /* Products */;
			projectDirPath = "";
			projectRoot = "";
			targets = (
				AB8AFFD926D738FD003A4B3A /* Diary */,
			);
		};
/* End PBXProject section */

/* Begin PBXResourcesBuildPhase section */
		AB8AFFD826D738FD003A4B3A /* Resources */ = {
			isa = PBXResourcesBuildPhase;
			buildActionMask = 2147483647;
			files = (
				AB8AFFEA26D738FE003A4B3A /* LaunchScreen.storyboard in Resources */,
				AB8AFFE726D738FE003A4B3A /* Assets.xcassets in Resources */,
				AB8AFFE526D738FD003A4B3A /* Main.storyboard in Resources */,
			);
			runOnlyForDeploymentPostprocessing = 0;
		};
/* End PBXResourcesBuildPhase section */

/* Begin PBXSourcesBuildPhase section */
		AB8AFFD626D738FD003A4B3A /* Sources */ = {
			isa = PBXSourcesBuildPhase;
			buildActionMask = 2147483647;
			files = (
				AB78599626FC832A005F2C39 /* NavigationViewController.swift in Sources */,
				AB78599426FC8310005F2C39 /* UIColorHex.swift in Sources */,
				ABE907EF2766F21100508CFC /* CoreData.xcdatamodeld in Sources */,
				AB8AFFE226D738FD003A4B3A /* ViewController.swift in Sources */,
				AB4F767327677A1A00EF54E0 /* DiaryItem+CoreDataProperties.swift in Sources */,
				AB8AFFDE26D738FD003A4B3A /* AppDelegate.swift in Sources */,
				AB8AFFF426D754FA003A4B3A /* ContainerViewController.swift in Sources */,
				AB8AFFF626D75BA5003A4B3A /* AddViewController.swift in Sources */,
				AB8AFFE026D738FD003A4B3A /* SceneDelegate.swift in Sources */,
				AB4F767227677A1A00EF54E0 /* DiaryItem+CoreDataClass.swift in Sources */,
				AB2B0F2D26EB7F6400FEEC42 /* DiaryTableViewCell.swift in Sources */,
				ABCE8F902701808C0022C3F9 /* EditViewController.swift in Sources */,
			);
			runOnlyForDeploymentPostprocessing = 0;
		};
/* End PBXSourcesBuildPhase section */

/* Begin PBXVariantGroup section */
		AB8AFFE326D738FD003A4B3A /* Main.storyboard */ = {
			isa = PBXVariantGroup;
			children = (
				AB8AFFE426D738FD003A4B3A /* Base */,
			);
			name = Main.storyboard;
			sourceTree = "<group>";
		};
		AB8AFFE826D738FE003A4B3A /* LaunchScreen.storyboard */ = {
			isa = PBXVariantGroup;
			children = (
				AB8AFFE926D738FE003A4B3A /* Base */,
			);
			name = LaunchScreen.storyboard;
			sourceTree = "<group>";
		};
/* End PBXVariantGroup section */

/* Begin XCBuildConfiguration section */
		AB8AFFEC26D738FE003A4B3A /* Debug */ = {
			isa = XCBuildConfiguration;
			buildSettings = {
				ALWAYS_SEARCH_USER_PATHS = NO;
				CLANG_ANALYZER_NONNULL = YES;
				CLANG_ANALYZER_NUMBER_OBJECT_CONVERSION = YES_AGGRESSIVE;
				CLANG_CXX_LANGUAGE_STANDARD = "gnu++14";
				CLANG_CXX_LIBRARY = "libc++";
				CLANG_ENABLE_MODULES = YES;
				CLANG_ENABLE_OBJC_ARC = YES;
				CLANG_ENABLE_OBJC_WEAK = YES;
				CLANG_WARN_BLOCK_CAPTURE_AUTORELEASING = YES;
				CLANG_WARN_BOOL_CONVERSION = YES;
				CLANG_WARN_COMMA = YES;
				CLANG_WARN_CONSTANT_CONVERSION = YES;
				CLANG_WARN_DEPRECATED_OBJC_IMPLEMENTATIONS = YES;
				CLANG_WARN_DIRECT_OBJC_ISA_USAGE = YES_ERROR;
				CLANG_WARN_DOCUMENTATION_COMMENTS = YES;
				CLANG_WARN_EMPTY_BODY = YES;
				CLANG_WARN_ENUM_CONVERSION = YES;
				CLANG_WARN_INFINITE_RECURSION = YES;
				CLANG_WARN_INT_CONVERSION = YES;
				CLANG_WARN_NON_LITERAL_NULL_CONVERSION = YES;
				CLANG_WARN_OBJC_IMPLICIT_RETAIN_SELF = YES;
				CLANG_WARN_OBJC_LITERAL_CONVERSION = YES;
				CLANG_WARN_OBJC_ROOT_CLASS = YES_ERROR;
				CLANG_WARN_QUOTED_INCLUDE_IN_FRAMEWORK_HEADER = YES;
				CLANG_WARN_RANGE_LOOP_ANALYSIS = YES;
				CLANG_WARN_STRICT_PROTOTYPES = YES;
				CLANG_WARN_SUSPICIOUS_MOVE = YES;
				CLANG_WARN_UNGUARDED_AVAILABILITY = YES_AGGRESSIVE;
				CLANG_WARN_UNREACHABLE_CODE = YES;
				CLANG_WARN__DUPLICATE_METHOD_MATCH = YES;
				COPY_PHASE_STRIP = NO;
				DEBUG_INFORMATION_FORMAT = dwarf;
				ENABLE_STRICT_OBJC_MSGSEND = YES;
				ENABLE_TESTABILITY = YES;
				GCC_C_LANGUAGE_STANDARD = gnu11;
				GCC_DYNAMIC_NO_PIC = NO;
				GCC_NO_COMMON_BLOCKS = YES;
				GCC_OPTIMIZATION_LEVEL = 0;
				GCC_PREPROCESSOR_DEFINITIONS = (
					"DEBUG=1",
					"$(inherited)",
				);
				GCC_WARN_64_TO_32_BIT_CONVERSION = YES;
				GCC_WARN_ABOUT_RETURN_TYPE = YES_ERROR;
				GCC_WARN_UNDECLARED_SELECTOR = YES;
				GCC_WARN_UNINITIALIZED_AUTOS = YES_AGGRESSIVE;
				GCC_WARN_UNUSED_FUNCTION = YES;
				GCC_WARN_UNUSED_VARIABLE = YES;
				IPHONEOS_DEPLOYMENT_TARGET = 14.5;
				MTL_ENABLE_DEBUG_INFO = INCLUDE_SOURCE;
				MTL_FAST_MATH = YES;
				ONLY_ACTIVE_ARCH = YES;
				SDKROOT = iphoneos;
				SWIFT_ACTIVE_COMPILATION_CONDITIONS = DEBUG;
				SWIFT_OPTIMIZATION_LEVEL = "-Onone";
			};
			name = Debug;
		};
		AB8AFFED26D738FE003A4B3A /* Release */ = {
			isa = XCBuildConfiguration;
			buildSettings = {
				ALWAYS_SEARCH_USER_PATHS = NO;
				CLANG_ANALYZER_NONNULL = YES;
				CLANG_ANALYZER_NUMBER_OBJECT_CONVERSION = YES_AGGRESSIVE;
				CLANG_CXX_LANGUAGE_STANDARD = "gnu++14";
				CLANG_CXX_LIBRARY = "libc++";
				CLANG_ENABLE_MODULES = YES;
				CLANG_ENABLE_OBJC_ARC = YES;
				CLANG_ENABLE_OBJC_WEAK = YES;
				CLANG_WARN_BLOCK_CAPTURE_AUTORELEASING = YES;
				CLANG_WARN_BOOL_CONVERSION = YES;
				CLANG_WARN_COMMA = YES;
				CLANG_WARN_CONSTANT_CONVERSION = YES;
				CLANG_WARN_DEPRECATED_OBJC_IMPLEMENTATIONS = YES;
				CLANG_WARN_DIRECT_OBJC_ISA_USAGE = YES_ERROR;
				CLANG_WARN_DOCUMENTATION_COMMENTS = YES;
				CLANG_WARN_EMPTY_BODY = YES;
				CLANG_WARN_ENUM_CONVERSION = YES;
				CLANG_WARN_INFINITE_RECURSION = YES;
				CLANG_WARN_INT_CONVERSION = YES;
				CLANG_WARN_NON_LITERAL_NULL_CONVERSION = YES;
				CLANG_WARN_OBJC_IMPLICIT_RETAIN_SELF = YES;
				CLANG_WARN_OBJC_LITERAL_CONVERSION = YES;
				CLANG_WARN_OBJC_ROOT_CLASS = YES_ERROR;
				CLANG_WARN_QUOTED_INCLUDE_IN_FRAMEWORK_HEADER = YES;
				CLANG_WARN_RANGE_LOOP_ANALYSIS = YES;
				CLANG_WARN_STRICT_PROTOTYPES = YES;
				CLANG_WARN_SUSPICIOUS_MOVE = YES;
				CLANG_WARN_UNGUARDED_AVAILABILITY = YES_AGGRESSIVE;
				CLANG_WARN_UNREACHABLE_CODE = YES;
				CLANG_WARN__DUPLICATE_METHOD_MATCH = YES;
				COPY_PHASE_STRIP = NO;
				DEBUG_INFORMATION_FORMAT = "dwarf-with-dsym";
				ENABLE_NS_ASSERTIONS = NO;
				ENABLE_STRICT_OBJC_MSGSEND = YES;
				GCC_C_LANGUAGE_STANDARD = gnu11;
				GCC_NO_COMMON_BLOCKS = YES;
				GCC_WARN_64_TO_32_BIT_CONVERSION = YES;
				GCC_WARN_ABOUT_RETURN_TYPE = YES_ERROR;
				GCC_WARN_UNDECLARED_SELECTOR = YES;
				GCC_WARN_UNINITIALIZED_AUTOS = YES_AGGRESSIVE;
				GCC_WARN_UNUSED_FUNCTION = YES;
				GCC_WARN_UNUSED_VARIABLE = YES;
				IPHONEOS_DEPLOYMENT_TARGET = 14.5;
				MTL_ENABLE_DEBUG_INFO = NO;
				MTL_FAST_MATH = YES;
				SDKROOT = iphoneos;
				SWIFT_COMPILATION_MODE = wholemodule;
				SWIFT_OPTIMIZATION_LEVEL = "-O";
				VALIDATE_PRODUCT = YES;
			};
			name = Release;
		};
		AB8AFFEF26D738FE003A4B3A /* Debug */ = {
			isa = XCBuildConfiguration;
			buildSettings = {
				ASSETCATALOG_COMPILER_APPICON_NAME = AppIcon;
				ASSETCATALOG_COMPILER_GLOBAL_ACCENT_COLOR_NAME = AccentColor;
				CODE_SIGN_STYLE = Automatic;
				DEVELOPMENT_TEAM = NH7BJRH7T4;
				INFOPLIST_FILE = Diary/Info.plist;
				LD_RUNPATH_SEARCH_PATHS = (
					"$(inherited)",
					"@executable_path/Frameworks",
				);
				PRODUCT_BUNDLE_IDENTIFIER = "com.shunsuke-soeyama.Diary";
				PRODUCT_NAME = "$(TARGET_NAME)";
				SWIFT_VERSION = 5.0;
				TARGETED_DEVICE_FAMILY = 1;
			};
			name = Debug;
		};
		AB8AFFF026D738FE003A4B3A /* Release */ = {
			isa = XCBuildConfiguration;
			buildSettings = {
				ASSETCATALOG_COMPILER_APPICON_NAME = AppIcon;
				ASSETCATALOG_COMPILER_GLOBAL_ACCENT_COLOR_NAME = AccentColor;
				CODE_SIGN_STYLE = Automatic;
				DEVELOPMENT_TEAM = NH7BJRH7T4;
				INFOPLIST_FILE = Diary/Info.plist;
				LD_RUNPATH_SEARCH_PATHS = (
					"$(inherited)",
					"@executable_path/Frameworks",
				);
				PRODUCT_BUNDLE_IDENTIFIER = "com.shunsuke-soeyama.Diary";
				PRODUCT_NAME = "$(TARGET_NAME)";
				SWIFT_VERSION = 5.0;
				TARGETED_DEVICE_FAMILY = 1;
			};
			name = Release;
		};
/* End XCBuildConfiguration section */

/* Begin XCConfigurationList section */
		AB8AFFD526D738FD003A4B3A /* Build configuration list for PBXProject "Diary" */ = {
			isa = XCConfigurationList;
			buildConfigurations = (
				AB8AFFEC26D738FE003A4B3A /* Debug */,
				AB8AFFED26D738FE003A4B3A /* Release */,
			);
			defaultConfigurationIsVisible = 0;
			defaultConfigurationName = Release;
		};
		AB8AFFEE26D738FE003A4B3A /* Build configuration list for PBXNativeTarget "Diary" */ = {
			isa = XCConfigurationList;
			buildConfigurations = (
				AB8AFFEF26D738FE003A4B3A /* Debug */,
				AB8AFFF026D738FE003A4B3A /* Release */,
			);
			defaultConfigurationIsVisible = 0;
			defaultConfigurationName = Release;
		};
/* End XCConfigurationList section */

/* Begin XCVersionGroup section */
		ABE907ED2766F21100508CFC /* CoreData.xcdatamodeld */ = {
			isa = XCVersionGroup;
			children = (
				ABE907EE2766F21100508CFC /* CoreData.xcdatamodel */,
			);
			currentVersion = ABE907EE2766F21100508CFC /* CoreData.xcdatamodel */;
			path = CoreData.xcdatamodeld;
			sourceTree = "<group>";
			versionGroupType = wrapper.xcdatamodel;
		};
/* End XCVersionGroup section */
	};
	rootObject = AB8AFFD226D738FD003A4B3A /* Project object */;
}
